// !$*UTF8*$!
{
	archiveVersion = 1;
	classes = {
	};
	objectVersion = 56;
	objects = {

/* Begin PBXBuildFile section */
		26E943F12ABB6C7C00E15373 /* Assets.xcassets in Resources */ = {isa = PBXBuildFile; fileRef = 26E943F02ABB6C7C00E15373 /* Assets.xcassets */; };
		26E943F42ABB6C7C00E15373 /* Preview Assets.xcassets in Resources */ = {isa = PBXBuildFile; fileRef = 26E943F32ABB6C7C00E15373 /* Preview Assets.xcassets */; };
		26E943FC2ABB6D9F00E15373 /* Movie.swift in Sources */ = {isa = PBXBuildFile; fileRef = 26E943FB2ABB6D9F00E15373 /* Movie.swift */; };
		26E943FE2ABB6E7000E15373 /* MovieData.swift in Sources */ = {isa = PBXBuildFile; fileRef = 26E943FD2ABB6E7000E15373 /* MovieData.swift */; };
		26E944032ABB6ECA00E15373 /* movies.json in Resources */ = {isa = PBXBuildFile; fileRef = 26E944022ABB6ECA00E15373 /* movies.json */; };
		26E944072ABB6F6800E15373 /* MovieItem.swift in Sources */ = {isa = PBXBuildFile; fileRef = 26E944062ABB6F6800E15373 /* MovieItem.swift */; };
		26E944092ABB6FE400E15373 /* MovieRow.swift in Sources */ = {isa = PBXBuildFile; fileRef = 26E944082ABB6FE400E15373 /* MovieRow.swift */; };
		26E9440B2ABB711C00E15373 /* MovieDetail.swift in Sources */ = {isa = PBXBuildFile; fileRef = 26E9440A2ABB711C00E15373 /* MovieDetail.swift */; };
		26E9440D2ABB71DA00E15373 /* HomeView.swift in Sources */ = {isa = PBXBuildFile; fileRef = 26E9440C2ABB71DA00E15373 /* HomeView.swift */; };
		26E944102ABB72D700E15373 /* PageViewController.swift in Sources */ = {isa = PBXBuildFile; fileRef = 26E9440F2ABB72D700E15373 /* PageViewController.swift */; };
		26E944122ABB734600E15373 /* PageView.swift in Sources */ = {isa = PBXBuildFile; fileRef = 26E944112ABB734600E15373 /* PageView.swift */; };
		26E944142ABB73E900E15373 /* PageControl.swift in Sources */ = {isa = PBXBuildFile; fileRef = 26E944132ABB73E900E15373 /* PageControl.swift */; };
		26E944162ABB75BC00E15373 /* DashboardView.swift in Sources */ = {isa = PBXBuildFile; fileRef = 26E944152ABB75BC00E15373 /* DashboardView.swift */; };
		26E944182ABB766800E15373 /* TrailerView.swift in Sources */ = {isa = PBXBuildFile; fileRef = 26E944172ABB766800E15373 /* TrailerView.swift */; };
		26E9441F2ABB785400E15373 /* ContentView.swift in Sources */ = {isa = PBXBuildFile; fileRef = 26E9441D2ABB785300E15373 /* ContentView.swift */; };
		26E944202ABB785400E15373 /* MovieGallery_SwiftUIApp.swift in Sources */ = {isa = PBXBuildFile; fileRef = 26E9441E2ABB785400E15373 /* MovieGallery_SwiftUIApp.swift */; };
/* End PBXBuildFile section */

/* Begin PBXFileReference section */
		26E943E92ABB6C7B00E15373 /* MovieGallery-SwiftUI.app */ = {isa = PBXFileReference; explicitFileType = wrapper.application; includeInIndex = 0; path = "MovieGallery-SwiftUI.app"; sourceTree = BUILT_PRODUCTS_DIR; };
		26E943F02ABB6C7C00E15373 /* Assets.xcassets */ = {isa = PBXFileReference; lastKnownFileType = folder.assetcatalog; path = Assets.xcassets; sourceTree = "<group>"; };
		26E943F32ABB6C7C00E15373 /* Preview Assets.xcassets */ = {isa = PBXFileReference; lastKnownFileType = folder.assetcatalog; path = "Preview Assets.xcassets"; sourceTree = "<group>"; };
		26E943FB2ABB6D9F00E15373 /* Movie.swift */ = {isa = PBXFileReference; lastKnownFileType = sourcecode.swift; path = Movie.swift; sourceTree = "<group>"; };
		26E943FD2ABB6E7000E15373 /* MovieData.swift */ = {isa = PBXFileReference; lastKnownFileType = sourcecode.swift; path = MovieData.swift; sourceTree = "<group>"; };
		26E944022ABB6ECA00E15373 /* movies.json */ = {isa = PBXFileReference; fileEncoding = 4; lastKnownFileType = text.json; path = movies.json; sourceTree = "<group>"; };
		26E944062ABB6F6800E15373 /* MovieItem.swift */ = {isa = PBXFileReference; lastKnownFileType = sourcecode.swift; path = MovieItem.swift; sourceTree = "<group>"; };
		26E944082ABB6FE400E15373 /* MovieRow.swift */ = {isa = PBXFileReference; lastKnownFileType = sourcecode.swift; path = MovieRow.swift; sourceTree = "<group>"; };
		26E9440A2ABB711C00E15373 /* MovieDetail.swift */ = {isa = PBXFileReference; lastKnownFileType = sourcecode.swift; path = MovieDetail.swift; sourceTree = "<group>"; };
		26E9440C2ABB71DA00E15373 /* HomeView.swift */ = {isa = PBXFileReference; lastKnownFileType = sourcecode.swift; path = HomeView.swift; sourceTree = "<group>"; };
		26E9440F2ABB72D700E15373 /* PageViewController.swift */ = {isa = PBXFileReference; lastKnownFileType = sourcecode.swift; path = PageViewController.swift; sourceTree = "<group>"; };
		26E944112ABB734600E15373 /* PageView.swift */ = {isa = PBXFileReference; lastKnownFileType = sourcecode.swift; path = PageView.swift; sourceTree = "<group>"; };
		26E944132ABB73E900E15373 /* PageControl.swift */ = {isa = PBXFileReference; lastKnownFileType = sourcecode.swift; path = PageControl.swift; sourceTree = "<group>"; };
		26E944152ABB75BC00E15373 /* DashboardView.swift */ = {isa = PBXFileReference; lastKnownFileType = sourcecode.swift; path = DashboardView.swift; sourceTree = "<group>"; };
		26E944172ABB766800E15373 /* TrailerView.swift */ = {isa = PBXFileReference; lastKnownFileType = sourcecode.swift; path = TrailerView.swift; sourceTree = "<group>"; };
		26E9441D2ABB785300E15373 /* ContentView.swift */ = {isa = PBXFileReference; fileEncoding = 4; lastKnownFileType = sourcecode.swift; path = ContentView.swift; sourceTree = "<group>"; };
		26E9441E2ABB785400E15373 /* MovieGallery_SwiftUIApp.swift */ = {isa = PBXFileReference; fileEncoding = 4; lastKnownFileType = sourcecode.swift; path = MovieGallery_SwiftUIApp.swift; sourceTree = "<group>"; };
/* End PBXFileReference section */

/* Begin PBXFrameworksBuildPhase section */
		26E943E62ABB6C7B00E15373 /* Frameworks */ = {
			isa = PBXFrameworksBuildPhase;
			buildActionMask = 2147483647;
			files = (
			);
			runOnlyForDeploymentPostprocessing = 0;
		};
/* End PBXFrameworksBuildPhase section */

/* Begin PBXGroup section */
		26E943E02ABB6C7B00E15373 = {
			isa = PBXGroup;
			children = (
				26E943EB2ABB6C7B00E15373 /* MovieGallery-SwiftUI */,
				26E943EA2ABB6C7B00E15373 /* Products */,
			);
			sourceTree = "<group>";
		};
		26E943EA2ABB6C7B00E15373 /* Products */ = {
			isa = PBXGroup;
			children = (
				26E943E92ABB6C7B00E15373 /* MovieGallery-SwiftUI.app */,
			);
			name = Products;
			sourceTree = "<group>";
		};
		26E943EB2ABB6C7B00E15373 /* MovieGallery-SwiftUI */ = {
			isa = PBXGroup;
			children = (
				26E9440E2ABB72B200E15373 /* UIKit Views */,
				26E944052ABB6F2600E15373 /* Supporting Files */,
				26E944042ABB6F1F00E15373 /* View */,
				26E943FF2ABB6E7C00E15373 /* Utilities */,
				26E943FA2ABB6D7800E15373 /* Model */,
				26E943F02ABB6C7C00E15373 /* Assets.xcassets */,
				26E943F22ABB6C7C00E15373 /* Preview Content */,
			);
			path = "MovieGallery-SwiftUI";
			sourceTree = "<group>";
		};
		26E943F22ABB6C7C00E15373 /* Preview Content */ = {
			isa = PBXGroup;
			children = (
				26E943F32ABB6C7C00E15373 /* Preview Assets.xcassets */,
			);
			path = "Preview Content";
			sourceTree = "<group>";
		};
		26E943FA2ABB6D7800E15373 /* Model */ = {
			isa = PBXGroup;
			children = (
				26E943FB2ABB6D9F00E15373 /* Movie.swift */,
				26E943FD2ABB6E7000E15373 /* MovieData.swift */,
			);
			path = Model;
			sourceTree = "<group>";
		};
		26E943FF2ABB6E7C00E15373 /* Utilities */ = {
			isa = PBXGroup;
			children = (
				26E944022ABB6ECA00E15373 /* movies.json */,
			);
			path = Utilities;
			sourceTree = "<group>";
		};
		26E944042ABB6F1F00E15373 /* View */ = {
			isa = PBXGroup;
			children = (
				26E944062ABB6F6800E15373 /* MovieItem.swift */,
				26E944082ABB6FE400E15373 /* MovieRow.swift */,
				26E9440A2ABB711C00E15373 /* MovieDetail.swift */,
				26E9440C2ABB71DA00E15373 /* HomeView.swift */,
				26E944112ABB734600E15373 /* PageView.swift */,
				26E944152ABB75BC00E15373 /* DashboardView.swift */,
				26E944172ABB766800E15373 /* TrailerView.swift */,
			);
			path = View;
			sourceTree = "<group>";
		};
		26E944052ABB6F2600E15373 /* Supporting Files */ = {
			isa = PBXGroup;
			children = (
				26E9441D2ABB785300E15373 /* ContentView.swift */,
				26E9441E2ABB785400E15373 /* MovieGallery_SwiftUIApp.swift */,
			);
			path = "Supporting Files";
			sourceTree = "<group>";
		};
		26E9440E2ABB72B200E15373 /* UIKit Views */ = {
			isa = PBXGroup;
			children = (
				26E9440F2ABB72D700E15373 /* PageViewController.swift */,
				26E944132ABB73E900E15373 /* PageControl.swift */,
			);
			path = "UIKit Views";
			sourceTree = "<group>";
		};
/* End PBXGroup section */

/* Begin PBXNativeTarget section */
		26E943E82ABB6C7B00E15373 /* MovieGallery-SwiftUI */ = {
			isa = PBXNativeTarget;
			buildConfigurationList = 26E943F72ABB6C7C00E15373 /* Build configuration list for PBXNativeTarget "MovieGallery-SwiftUI" */;
			buildPhases = (
				26E943E52ABB6C7B00E15373 /* Sources */,
				26E943E62ABB6C7B00E15373 /* Frameworks */,
				26E943E72ABB6C7B00E15373 /* Resources */,
			);
			buildRules = (
			);
			dependencies = (
			);
			name = "MovieGallery-SwiftUI";
			productName = "MovieGallery-SwiftUI";
			productReference = 26E943E92ABB6C7B00E15373 /* MovieGallery-SwiftUI.app */;
			productType = "com.apple.product-type.application";
		};
/* End PBXNativeTarget section */

/* Begin PBXProject section */
		26E943E12ABB6C7B00E15373 /* Project object */ = {
			isa = PBXProject;
			attributes = {
				BuildIndependentTargetsInParallel = 1;
				LastSwiftUpdateCheck = 1410;
				LastUpgradeCheck = 1410;
				TargetAttributes = {
					26E943E82ABB6C7B00E15373 = {
						CreatedOnToolsVersion = 14.1;
					};
				};
			};
			buildConfigurationList = 26E943E42ABB6C7B00E15373 /* Build configuration list for PBXProject "MovieGallery-SwiftUI" */;
			compatibilityVersion = "Xcode 14.0";
			developmentRegion = en;
			hasScannedForEncodings = 0;
			knownRegions = (
				en,
				Base,
			);
			mainGroup = 26E943E02ABB6C7B00E15373;
			productRefGroup = 26E943EA2ABB6C7B00E15373 /* Products */;
			projectDirPath = "";
			projectRoot = "";
			targets = (
				26E943E82ABB6C7B00E15373 /* MovieGallery-SwiftUI */,
			);
		};
/* End PBXProject section */

/* Begin PBXResourcesBuildPhase section */
		26E943E72ABB6C7B00E15373 /* Resources */ = {
			isa = PBXResourcesBuildPhase;
			buildActionMask = 2147483647;
			files = (
				26E944032ABB6ECA00E15373 /* movies.json in Resources */,
				26E943F42ABB6C7C00E15373 /* Preview Assets.xcassets in Resources */,
				26E943F12ABB6C7C00E15373 /* Assets.xcassets in Resources */,
			);
			runOnlyForDeploymentPostprocessing = 0;
		};
/* End PBXResourcesBuildPhase section */

/* Begin PBXSourcesBuildPhase section */
		26E943E52ABB6C7B00E15373 /* Sources */ = {
			isa = PBXSourcesBuildPhase;
			buildActionMask = 2147483647;
			files = (
				26E943FE2ABB6E7000E15373 /* MovieData.swift in Sources */,
				26E9441F2ABB785400E15373 /* ContentView.swift in Sources */,
				26E944162ABB75BC00E15373 /* DashboardView.swift in Sources */,
				26E9440B2ABB711C00E15373 /* MovieDetail.swift in Sources */,
				26E944092ABB6FE400E15373 /* MovieRow.swift in Sources */,
				26E944202ABB785400E15373 /* MovieGallery_SwiftUIApp.swift in Sources */,
				26E944122ABB734600E15373 /* PageView.swift in Sources */,
				26E9440D2ABB71DA00E15373 /* HomeView.swift in Sources */,
				26E944182ABB766800E15373 /* TrailerView.swift in Sources */,
				26E944102ABB72D700E15373 /* PageViewController.swift in Sources */,
				26E944142ABB73E900E15373 /* PageControl.swift in Sources */,
				26E944072ABB6F6800E15373 /* MovieItem.swift in Sources */,
				26E943FC2ABB6D9F00E15373 /* Movie.swift in Sources */,
			);
			runOnlyForDeploymentPostprocessing = 0;
		};
/* End PBXSourcesBuildPhase section */

/* Begin XCBuildConfiguration section */
		26E943F52ABB6C7C00E15373 /* Debug */ = {
			isa = XCBuildConfiguration;
			buildSettings = {
				ALWAYS_SEARCH_USER_PATHS = NO;
				CLANG_ANALYZER_NONNULL = YES;
				CLANG_ANALYZER_NUMBER_OBJECT_CONVERSION = YES_AGGRESSIVE;
				CLANG_CXX_LANGUAGE_STANDARD = "gnu++20";
				CLANG_ENABLE_MODULES = YES;
				CLANG_ENABLE_OBJC_ARC = YES;
				CLANG_ENABLE_OBJC_WEAK = YES;
				CLANG_WARN_BLOCK_CAPTURE_AUTORELEASING = YES;
				CLANG_WARN_BOOL_CONVERSION = YES;
				CLANG_WARN_COMMA = YES;
				CLANG_WARN_CONSTANT_CONVERSION = YES;
				CLANG_WARN_DEPRECATED_OBJC_IMPLEMENTATIONS = YES;
				CLANG_WARN_DIRECT_OBJC_ISA_USAGE = YES_ERROR;
				CLANG_WARN_DOCUMENTATION_COMMENTS = YES;
				CLANG_WARN_EMPTY_BODY = YES;
				CLANG_WARN_ENUM_CONVERSION = YES;
				CLANG_WARN_INFINITE_RECURSION = YES;
				CLANG_WARN_INT_CONVERSION = YES;
				CLANG_WARN_NON_LITERAL_NULL_CONVERSION = YES;
				CLANG_WARN_OBJC_IMPLICIT_RETAIN_SELF = YES;
				CLANG_WARN_OBJC_LITERAL_CONVERSION = YES;
				CLANG_WARN_OBJC_ROOT_CLASS = YES_ERROR;
				CLANG_WARN_QUOTED_INCLUDE_IN_FRAMEWORK_HEADER = YES;
				CLANG_WARN_RANGE_LOOP_ANALYSIS = YES;
				CLANG_WARN_STRICT_PROTOTYPES = YES;
				CLANG_WARN_SUSPICIOUS_MOVE = YES;
				CLANG_WARN_UNGUARDED_AVAILABILITY = YES_AGGRESSIVE;
				CLANG_WARN_UNREACHABLE_CODE = YES;
				CLANG_WARN__DUPLICATE_METHOD_MATCH = YES;
				COPY_PHASE_STRIP = NO;
				DEBUG_INFORMATION_FORMAT = dwarf;
				ENABLE_STRICT_OBJC_MSGSEND = YES;
				ENABLE_TESTABILITY = YES;
				GCC_C_LANGUAGE_STANDARD = gnu11;
				GCC_DYNAMIC_NO_PIC = NO;
				GCC_NO_COMMON_BLOCKS = YES;
				GCC_OPTIMIZATION_LEVEL = 0;
				GCC_PREPROCESSOR_DEFINITIONS = (
					"DEBUG=1",
					"$(inherited)",
				);
				GCC_WARN_64_TO_32_BIT_CONVERSION = YES;
				GCC_WARN_ABOUT_RETURN_TYPE = YES_ERROR;
				GCC_WARN_UNDECLARED_SELECTOR = YES;
				GCC_WARN_UNINITIALIZED_AUTOS = YES_AGGRESSIVE;
				GCC_WARN_UNUSED_FUNCTION = YES;
				GCC_WARN_UNUSED_VARIABLE = YES;
				IPHONEOS_DEPLOYMENT_TARGET = 16.1;
				MTL_ENABLE_DEBUG_INFO = INCLUDE_SOURCE;
				MTL_FAST_MATH = YES;
				ONLY_ACTIVE_ARCH = YES;
				SDKROOT = iphoneos;
				SWIFT_ACTIVE_COMPILATION_CONDITIONS = DEBUG;
				SWIFT_OPTIMIZATION_LEVEL = "-Onone";
			};
			name = Debug;
		};
		26E943F62ABB6C7C00E15373 /* Release */ = {
			isa = XCBuildConfiguration;
			buildSettings = {
				ALWAYS_SEARCH_USER_PATHS = NO;
				CLANG_ANALYZER_NONNULL = YES;
				CLANG_ANALYZER_NUMBER_OBJECT_CONVERSION = YES_AGGRESSIVE;
				CLANG_CXX_LANGUAGE_STANDARD = "gnu++20";
				CLANG_ENABLE_MODULES = YES;
				CLANG_ENABLE_OBJC_ARC = YES;
				CLANG_ENABLE_OBJC_WEAK = YES;
				CLANG_WARN_BLOCK_CAPTURE_AUTORELEASING = YES;
				CLANG_WARN_BOOL_CONVERSION = YES;
				CLANG_WARN_COMMA = YES;
				CLANG_WARN_CONSTANT_CONVERSION = YES;
				CLANG_WARN_DEPRECATED_OBJC_IMPLEMENTATIONS = YES;
				CLANG_WARN_DIRECT_OBJC_ISA_USAGE = YES_ERROR;
				CLANG_WARN_DOCUMENTATION_COMMENTS = YES;
				CLANG_WARN_EMPTY_BODY = YES;
				CLANG_WARN_ENUM_CONVERSION = YES;
				CLANG_WARN_INFINITE_RECURSION = YES;
				CLANG_WARN_INT_CONVERSION = YES;
				CLANG_WARN_NON_LITERAL_NULL_CONVERSION = YES;
				CLANG_WARN_OBJC_IMPLICIT_RETAIN_SELF = YES;
				CLANG_WARN_OBJC_LITERAL_CONVERSION = YES;
				CLANG_WARN_OBJC_ROOT_CLASS = YES_ERROR;
				CLANG_WARN_QUOTED_INCLUDE_IN_FRAMEWORK_HEADER = YES;
				CLANG_WARN_RANGE_LOOP_ANALYSIS = YES;
				CLANG_WARN_STRICT_PROTOTYPES = YES;
				CLANG_WARN_SUSPICIOUS_MOVE = YES;
				CLANG_WARN_UNGUARDED_AVAILABILITY = YES_AGGRESSIVE;
				CLANG_WARN_UNREACHABLE_CODE = YES;
				CLANG_WARN__DUPLICATE_METHOD_MATCH = YES;
				COPY_PHASE_STRIP = NO;
				DEBUG_INFORMATION_FORMAT = "dwarf-with-dsym";
				ENABLE_NS_ASSERTIONS = NO;
				ENABLE_STRICT_OBJC_MSGSEND = YES;
				GCC_C_LANGUAGE_STANDARD = gnu11;
				GCC_NO_COMMON_BLOCKS = YES;
				GCC_WARN_64_TO_32_BIT_CONVERSION = YES;
				GCC_WARN_ABOUT_RETURN_TYPE = YES_ERROR;
				GCC_WARN_UNDECLARED_SELECTOR = YES;
				GCC_WARN_UNINITIALIZED_AUTOS = YES_AGGRESSIVE;
				GCC_WARN_UNUSED_FUNCTION = YES;
				GCC_WARN_UNUSED_VARIABLE = YES;
				IPHONEOS_DEPLOYMENT_TARGET = 16.1;
				MTL_ENABLE_DEBUG_INFO = NO;
				MTL_FAST_MATH = YES;
				SDKROOT = iphoneos;
				SWIFT_COMPILATION_MODE = wholemodule;
				SWIFT_OPTIMIZATION_LEVEL = "-O";
				VALIDATE_PRODUCT = YES;
			};
			name = Release;
		};
		26E943F82ABB6C7C00E15373 /* Debug */ = {
			isa = XCBuildConfiguration;
			buildSettings = {
				ASSETCATALOG_COMPILER_APPICON_NAME = AppIcon;
				ASSETCATALOG_COMPILER_GLOBAL_ACCENT_COLOR_NAME = AccentColor;
				CODE_SIGN_STYLE = Automatic;
				CURRENT_PROJECT_VERSION = 1;
				DEVELOPMENT_ASSET_PATHS = "\"MovieGallery-SwiftUI/Preview Content\"";
				DEVELOPMENT_TEAM = FU34DRW3TX;
				ENABLE_PREVIEWS = YES;
				GENERATE_INFOPLIST_FILE = YES;
				INFOPLIST_KEY_UIApplicationSceneManifest_Generation = YES;
				INFOPLIST_KEY_UIApplicationSupportsIndirectInputEvents = YES;
				INFOPLIST_KEY_UILaunchScreen_Generation = YES;
				INFOPLIST_KEY_UISupportedInterfaceOrientations_iPad = "UIInterfaceOrientationPortrait UIInterfaceOrientationPortraitUpsideDown UIInterfaceOrientationLandscapeLeft UIInterfaceOrientationLandscapeRight";
				INFOPLIST_KEY_UISupportedInterfaceOrientations_iPhone = "UIInterfaceOrientationPortrait UIInterfaceOrientationLandscapeLeft UIInterfaceOrientationLandscapeRight";
				LD_RUNPATH_SEARCH_PATHS = (
					"$(inherited)",
					"@executable_path/Frameworks",
				);
				MARKETING_VERSION = 1.0;
				PRODUCT_BUNDLE_IDENTIFIER = "com.personal.project.MovieGallery-SwiftUI";
				PRODUCT_NAME = "$(TARGET_NAME)";
				SWIFT_EMIT_LOC_STRINGS = YES;
				SWIFT_VERSION = 5.0;
				TARGETED_DEVICE_FAMILY = "1,2";
			};
			name = Debug;
		};
		26E943F92ABB6C7C00E15373 /* Release */ = {
			isa = XCBuildConfiguration;
			buildSettings = {
				ASSETCATALOG_COMPILER_APPICON_NAME = AppIcon;
				ASSETCATALOG_COMPILER_GLOBAL_ACCENT_COLOR_NAME = AccentColor;
				CODE_SIGN_STYLE = Automatic;
				CURRENT_PROJECT_VERSION = 1;
				DEVELOPMENT_ASSET_PATHS = "\"MovieGallery-SwiftUI/Preview Content\"";
				DEVELOPMENT_TEAM = FU34DRW3TX;
				ENABLE_PREVIEWS = YES;
				GENERATE_INFOPLIST_FILE = YES;
				INFOPLIST_KEY_UIApplicationSceneManifest_Generation = YES;
				INFOPLIST_KEY_UIApplicationSupportsIndirectInputEvents = YES;
				INFOPLIST_KEY_UILaunchScreen_Generation = YES;
				INFOPLIST_KEY_UISupportedInterfaceOrientations_iPad = "UIInterfaceOrientationPortrait UIInterfaceOrientationPortraitUpsideDown UIInterfaceOrientationLandscapeLeft UIInterfaceOrientationLandscapeRight";
				INFOPLIST_KEY_UISupportedInterfaceOrientations_iPhone = "UIInterfaceOrientationPortrait UIInterfaceOrientationLandscapeLeft UIInterfaceOrientationLandscapeRight";
				LD_RUNPATH_SEARCH_PATHS = (
					"$(inherited)",
					"@executable_path/Frameworks",
				);
				MARKETING_VERSION = 1.0;
				PRODUCT_BUNDLE_IDENTIFIER = "com.personal.project.MovieGallery-SwiftUI";
				PRODUCT_NAME = "$(TARGET_NAME)";
				SWIFT_EMIT_LOC_STRINGS = YES;
				SWIFT_VERSION = 5.0;
				TARGETED_DEVICE_FAMILY = "1,2";
			};
			name = Release;
		};
/* End XCBuildConfiguration section */

/* Begin XCConfigurationList section */
		26E943E42ABB6C7B00E15373 /* Build configuration list for PBXProject "MovieGallery-SwiftUI" */ = {
			isa = XCConfigurationList;
			buildConfigurations = (
				26E943F52ABB6C7C00E15373 /* Debug */,
				26E943F62ABB6C7C00E15373 /* Release */,
			);
			defaultConfigurationIsVisible = 0;
			defaultConfigurationName = Release;
		};
		26E943F72ABB6C7C00E15373 /* Build configuration list for PBXNativeTarget "MovieGallery-SwiftUI" */ = {
			isa = XCConfigurationList;
			buildConfigurations = (
				26E943F82ABB6C7C00E15373 /* Debug */,
				26E943F92ABB6C7C00E15373 /* Release */,
			);
			defaultConfigurationIsVisible = 0;
			defaultConfigurationName = Release;
		};
/* End XCConfigurationList section */
	};
	rootObject = 26E943E12ABB6C7B00E15373 /* Project object */;
}
